
Microsoft Visual Studio Solution File, Format Version 12.00
# Visual Studio Version 16
VisualStudioVersion = 16.0.30104.148
MinimumVisualStudioVersion = 10.0.40219.1
Project("{FAE04EC0-301F-11D3-BF4B-00C04F79EFBC}") = "ListadeContatosXamarin.UWP", "ListadeContatosXamarin\ListadeContatosXamarin.UWP\ListadeContatosXamarin.UWP.csproj", "{B813AFEA-0DF0-4CF5-8EAA-8849B1C268E8}"
EndProject
Project("{FAE04EC0-301F-11D3-BF4B-00C04F79EFBC}") = "ListadeContatosXamarin.Android", "ListadeContatosXamarin\ListadeContatosXamarin.Android\ListadeContatosXamarin.Android.csproj", "{156C3B69-1F52-4A1E-AD68-91C756B74213}"
EndProject
Project("{FAE04EC0-301F-11D3-BF4B-00C04F79EFBC}") = "ListadeContatosXamarin.iOS", "ListadeContatosXamarin\ListadeContatosXamarin.iOS\ListadeContatosXamarin.iOS.csproj", "{EBCAE959-4857-40BF-92F9-568BD06E12FA}"
EndProject
Project("{FAE04EC0-301F-11D3-BF4B-00C04F79EFBC}") = "ListadeContatosXamarin", "ListadeContatosXamarin\ListadeContatosXamarin\ListadeContatosXamarin.csproj", "{1CB1C6DF-EC6C-4AC2-A20F-5B4931985A1D}"
EndProject
Global
	GlobalSection(SolutionConfigurationPlatforms) = preSolution
		Debug|Any CPU = Debug|Any CPU
		Debug|ARM = Debug|ARM
		Debug|iPhone = Debug|iPhone
		Debug|iPhoneSimulator = Debug|iPhoneSimulator
		Debug|x64 = Debug|x64
		Debug|x86 = Debug|x86
		Release|Any CPU = Release|Any CPU
		Release|ARM = Release|ARM
		Release|iPhone = Release|iPhone
		Release|iPhoneSimulator = Release|iPhoneSimulator
		Release|x64 = Release|x64
		Release|x86 = Release|x86
	EndGlobalSection
	GlobalSection(ProjectConfigurationPlatforms) = postSolution
		{B813AFEA-0DF0-4CF5-8EAA-8849B1C268E8}.Debug|Any CPU.ActiveCfg = Debug|x86
		{B813AFEA-0DF0-4CF5-8EAA-8849B1C268E8}.Debug|Any CPU.Build.0 = Debug|x86
		{B813AFEA-0DF0-4CF5-8EAA-8849B1C268E8}.Debug|Any CPU.Deploy.0 = Debug|x86
		{B813AFEA-0DF0-4CF5-8EAA-8849B1C268E8}.Debug|ARM.ActiveCfg = Debug|ARM
		{B813AFEA-0DF0-4CF5-8EAA-8849B1C268E8}.Debug|ARM.Build.0 = Debug|ARM
		{B813AFEA-0DF0-4CF5-8EAA-8849B1C268E8}.Debug|ARM.Deploy.0 = Debug|ARM
		{B813AFEA-0DF0-4CF5-8EAA-8849B1C268E8}.Debug|iPhone.ActiveCfg = Debug|x86
		{B813AFEA-0DF0-4CF5-8EAA-8849B1C268E8}.Debug|iPhone.Build.0 = Debug|x86
		{B813AFEA-0DF0-4CF5-8EAA-8849B1C268E8}.Debug|iPhone.Deploy.0 = Debug|x86
		{B813AFEA-0DF0-4CF5-8EAA-8849B1C268E8}.Debug|iPhoneSimulator.ActiveCfg = Debug|x86
		{B813AFEA-0DF0-4CF5-8EAA-8849B1C268E8}.Debug|iPhoneSimulator.Build.0 = Debug|x86
		{B813AFEA-0DF0-4CF5-8EAA-8849B1C268E8}.Debug|iPhoneSimulator.Deploy.0 = Debug|x86
		{B813AFEA-0DF0-4CF5-8EAA-8849B1C268E8}.Debug|x64.ActiveCfg = Debug|x64
		{B813AFEA-0DF0-4CF5-8EAA-8849B1C268E8}.Debug|x64.Build.0 = Debug|x64
		{B813AFEA-0DF0-4CF5-8EAA-8849B1C268E8}.Debug|x64.Deploy.0 = Debug|x64
		{B813AFEA-0DF0-4CF5-8EAA-8849B1C268E8}.Debug|x86.ActiveCfg = Debug|x86
		{B813AFEA-0DF0-4CF5-8EAA-8849B1C268E8}.Debug|x86.Build.0 = Debug|x86
		{B813AFEA-0DF0-4CF5-8EAA-8849B1C268E8}.Debug|x86.Deploy.0 = Debug|x86
		{B813AFEA-0DF0-4CF5-8EAA-8849B1C268E8}.Release|Any CPU.ActiveCfg = Release|x86
		{B813AFEA-0DF0-4CF5-8EAA-8849B1C268E8}.Release|Any CPU.Build.0 = Release|x86
		{B813AFEA-0DF0-4CF5-8EAA-8849B1C268E8}.Release|Any CPU.Deploy.0 = Release|x86
		{B813AFEA-0DF0-4CF5-8EAA-8849B1C268E8}.Release|ARM.ActiveCfg = Release|ARM
		{B813AFEA-0DF0-4CF5-8EAA-8849B1C268E8}.Release|ARM.Build.0 = Release|ARM
		{B813AFEA-0DF0-4CF5-8EAA-8849B1C268E8}.Release|ARM.Deploy.0 = Release|ARM
		{B813AFEA-0DF0-4CF5-8EAA-8849B1C268E8}.Release|iPhone.ActiveCfg = Release|x86
		{B813AFEA-0DF0-4CF5-8EAA-8849B1C268E8}.Release|iPhone.Build.0 = Release|x86
		{B813AFEA-0DF0-4CF5-8EAA-8849B1C268E8}.Release|iPhone.Deploy.0 = Release|x86
		{B813AFEA-0DF0-4CF5-8EAA-8849B1C268E8}.Release|iPhoneSimulator.ActiveCfg = Release|x86
		{B813AFEA-0DF0-4CF5-8EAA-8849B1C268E8}.Release|iPhoneSimulator.Build.0 = Release|x86
		{B813AFEA-0DF0-4CF5-8EAA-8849B1C268E8}.Release|iPhoneSimulator.Deploy.0 = Release|x86
		{B813AFEA-0DF0-4CF5-8EAA-8849B1C268E8}.Release|x64.ActiveCfg = Release|x64
		{B813AFEA-0DF0-4CF5-8EAA-8849B1C268E8}.Release|x64.Build.0 = Release|x64
		{B813AFEA-0DF0-4CF5-8EAA-8849B1C268E8}.Release|x64.Deploy.0 = Release|x64
		{B813AFEA-0DF0-4CF5-8EAA-8849B1C268E8}.Release|x86.ActiveCfg = Release|x86
		{B813AFEA-0DF0-4CF5-8EAA-8849B1C268E8}.Release|x86.Build.0 = Release|x86
		{B813AFEA-0DF0-4CF5-8EAA-8849B1C268E8}.Release|x86.Deploy.0 = Release|x86
		{156C3B69-1F52-4A1E-AD68-91C756B74213}.Debug|Any CPU.ActiveCfg = Debug|Any CPU
		{156C3B69-1F52-4A1E-AD68-91C756B74213}.Debug|Any CPU.Build.0 = Debug|Any CPU
		{156C3B69-1F52-4A1E-AD68-91C756B74213}.Debug|Any CPU.Deploy.0 = Debug|Any CPU
		{156C3B69-1F52-4A1E-AD68-91C756B74213}.Debug|ARM.ActiveCfg = Debug|Any CPU
		{156C3B69-1F52-4A1E-AD68-91C756B74213}.Debug|ARM.Build.0 = Debug|Any CPU
		{156C3B69-1F52-4A1E-AD68-91C756B74213}.Debug|ARM.Deploy.0 = Debug|Any CPU
		{156C3B69-1F52-4A1E-AD68-91C756B74213}.Debug|iPhone.ActiveCfg = Debug|Any CPU
		{156C3B69-1F52-4A1E-AD68-91C756B74213}.Debug|iPhone.Build.0 = Debug|Any CPU
		{156C3B69-1F52-4A1E-AD68-91C756B74213}.Debug|iPhone.Deploy.0 = Debug|Any CPU
		{156C3B69-1F52-4A1E-AD68-91C756B74213}.Debug|iPhoneSimulator.ActiveCfg = Debug|Any CPU
		{156C3B69-1F52-4A1E-AD68-91C756B74213}.Debug|iPhoneSimulator.Build.0 = Debug|Any CPU
		{156C3B69-1F52-4A1E-AD68-91C756B74213}.Debug|iPhoneSimulator.Deploy.0 = Debug|Any CPU
		{156C3B69-1F52-4A1E-AD68-91C756B74213}.Debug|x64.ActiveCfg = Debug|Any CPU
		{156C3B69-1F52-4A1E-AD68-91C756B74213}.Debug|x64.Build.0 = Debug|Any CPU
		{156C3B69-1F52-4A1E-AD68-91C756B74213}.Debug|x64.Deploy.0 = Debug|Any CPU
		{156C3B69-1F52-4A1E-AD68-91C756B74213}.Debug|x86.ActiveCfg = Debug|Any CPU
		{156C3B69-1F52-4A1E-AD68-91C756B74213}.Debug|x86.Build.0 = Debug|Any CPU
		{156C3B69-1F52-4A1E-AD68-91C756B74213}.Debug|x86.Deploy.0 = Debug|Any CPU
		{156C3B69-1F52-4A1E-AD68-91C756B74213}.Release|Any CPU.ActiveCfg = Release|Any CPU
		{156C3B69-1F52-4A1E-AD68-91C756B74213}.Release|Any CPU.Build.0 = Release|Any CPU
		{156C3B69-1F52-4A1E-AD68-91C756B74213}.Release|Any CPU.Deploy.0 = Release|Any CPU
		{156C3B69-1F52-4A1E-AD68-91C756B74213}.Release|ARM.ActiveCfg = Release|Any CPU
		{156C3B69-1F52-4A1E-AD68-91C756B74213}.Release|ARM.Build.0 = Release|Any CPU
		{156C3B69-1F52-4A1E-AD68-91C756B74213}.Release|ARM.Deploy.0 = Release|Any CPU
		{156C3B69-1F52-4A1E-AD68-91C756B74213}.Release|iPhone.ActiveCfg = Release|Any CPU
		{156C3B69-1F52-4A1E-AD68-91C756B74213}.Release|iPhone.Build.0 = Release|Any CPU
		{156C3B69-1F52-4A1E-AD68-91C756B74213}.Release|iPhone.Deploy.0 = Release|Any CPU
		{156C3B69-1F52-4A1E-AD68-91C756B74213}.Release|iPhoneSimulator.ActiveCfg = Release|Any CPU
		{156C3B69-1F52-4A1E-AD68-91C756B74213}.Release|iPhoneSimulator.Build.0 = Release|Any CPU
		{156C3B69-1F52-4A1E-AD68-91C756B74213}.Release|iPhoneSimulator.Deploy.0 = Release|Any CPU
		{156C3B69-1F52-4A1E-AD68-91C756B74213}.Release|x64.ActiveCfg = Release|Any CPU
		{156C3B69-1F52-4A1E-AD68-91C756B74213}.Release|x64.Build.0 = Release|Any CPU
		{156C3B69-1F52-4A1E-AD68-91C756B74213}.Release|x64.Deploy.0 = Release|Any CPU
		{156C3B69-1F52-4A1E-AD68-91C756B74213}.Release|x86.ActiveCfg = Release|Any CPU
		{156C3B69-1F52-4A1E-AD68-91C756B74213}.Release|x86.Build.0 = Release|Any CPU
		{156C3B69-1F52-4A1E-AD68-91C756B74213}.Release|x86.Deploy.0 = Release|Any CPU
		{EBCAE959-4857-40BF-92F9-568BD06E12FA}.Debug|Any CPU.ActiveCfg = Debug|iPhone
		{EBCAE959-4857-40BF-92F9-568BD06E12FA}.Debug|Any CPU.Build.0 = Debug|iPhone
		{EBCAE959-4857-40BF-92F9-568BD06E12FA}.Debug|Any CPU.Deploy.0 = Debug|iPhone
		{EBCAE959-4857-40BF-92F9-568BD06E12FA}.Debug|ARM.ActiveCfg = Debug|iPhone
		{EBCAE959-4857-40BF-92F9-568BD06E12FA}.Debug|ARM.Build.0 = Debug|iPhone
		{EBCAE959-4857-40BF-92F9-568BD06E12FA}.Debug|ARM.Deploy.0 = Debug|iPhone
		{EBCAE959-4857-40BF-92F9-568BD06E12FA}.Debug|iPhone.ActiveCfg = Debug|iPhone
		{EBCAE959-4857-40BF-92F9-568BD06E12FA}.Debug|iPhone.Build.0 = Debug|iPhone
		{EBCAE959-4857-40BF-92F9-568BD06E12FA}.Debug|iPhone.Deploy.0 = Debug|iPhone
		{EBCAE959-4857-40BF-92F9-568BD06E12FA}.Debug|iPhoneSimulator.ActiveCfg = Debug|iPhoneSimulator
		{EBCAE959-4857-40BF-92F9-568BD06E12FA}.Debug|iPhoneSimulator.Build.0 = Debug|iPhoneSimulator
		{EBCAE959-4857-40BF-92F9-568BD06E12FA}.Debug|iPhoneSimulator.Deploy.0 = Debug|iPhoneSimulator
		{EBCAE959-4857-40BF-92F9-568BD06E12FA}.Debug|x64.ActiveCfg = Debug|iPhone
		{EBCAE959-4857-40BF-92F9-568BD06E12FA}.Debug|x64.Build.0 = Debug|iPhone
		{EBCAE959-4857-40BF-92F9-568BD06E12FA}.Debug|x64.Deploy.0 = Debug|iPhone
		{EBCAE959-4857-40BF-92F9-568BD06E12FA}.Debug|x86.ActiveCfg = Debug|iPhone
		{EBCAE959-4857-40BF-92F9-568BD06E12FA}.Debug|x86.Build.0 = Debug|iPhone
		{EBCAE959-4857-40BF-92F9-568BD06E12FA}.Debug|x86.Deploy.0 = Debug|iPhone
		{EBCAE959-4857-40BF-92F9-568BD06E12FA}.Release|Any CPU.ActiveCfg = Release|iPhone
		{EBCAE959-4857-40BF-92F9-568BD06E12FA}.Release|Any CPU.Build.0 = Release|iPhone
		{EBCAE959-4857-40BF-92F9-568BD06E12FA}.Release|Any CPU.Deploy.0 = Release|iPhone
		{EBCAE959-4857-40BF-92F9-568BD06E12FA}.Release|ARM.ActiveCfg = Release|iPhone
		{EBCAE959-4857-40BF-92F9-568BD06E12FA}.Release|ARM.Build.0 = Release|iPhone
		{EBCAE959-4857-40BF-92F9-568BD06E12FA}.Release|ARM.Deploy.0 = Release|iPhone
		{EBCAE959-4857-40BF-92F9-568BD06E12FA}.Release|iPhone.ActiveCfg = Release|iPhone
		{EBCAE959-4857-40BF-92F9-568BD06E12FA}.Release|iPhone.Build.0 = Release|iPhone
		{EBCAE959-4857-40BF-92F9-568BD06E12FA}.Release|iPhone.Deploy.0 = Release|iPhone
		{EBCAE959-4857-40BF-92F9-568BD06E12FA}.Release|iPhoneSimulator.ActiveCfg = Release|iPhoneSimulator
		{EBCAE959-4857-40BF-92F9-568BD06E12FA}.Release|iPhoneSimulator.Build.0 = Release|iPhoneSimulator
		{EBCAE959-4857-40BF-92F9-568BD06E12FA}.Release|iPhoneSimulator.Deploy.0 = Release|iPhoneSimulator
		{EBCAE959-4857-40BF-92F9-568BD06E12FA}.Release|x64.ActiveCfg = Release|iPhone
		{EBCAE959-4857-40BF-92F9-568BD06E12FA}.Release|x64.Build.0 = Release|iPhone
		{EBCAE959-4857-40BF-92F9-568BD06E12FA}.Release|x64.Deploy.0 = Release|iPhone
		{EBCAE959-4857-40BF-92F9-568BD06E12FA}.Release|x86.ActiveCfg = Release|iPhone
		{EBCAE959-4857-40BF-92F9-568BD06E12FA}.Release|x86.Build.0 = Release|iPhone
		{EBCAE959-4857-40BF-92F9-568BD06E12FA}.Release|x86.Deploy.0 = Release|iPhone
		{1CB1C6DF-EC6C-4AC2-A20F-5B4931985A1D}.Debug|Any CPU.ActiveCfg = Debug|Any CPU
		{1CB1C6DF-EC6C-4AC2-A20F-5B4931985A1D}.Debug|Any CPU.Build.0 = Debug|Any CPU
		{1CB1C6DF-EC6C-4AC2-A20F-5B4931985A1D}.Debug|Any CPU.Deploy.0 = Debug|Any CPU
		{1CB1C6DF-EC6C-4AC2-A20F-5B4931985A1D}.Debug|ARM.ActiveCfg = Debug|Any CPU
		{1CB1C6DF-EC6C-4AC2-A20F-5B4931985A1D}.Debug|ARM.Build.0 = Debug|Any CPU
		{1CB1C6DF-EC6C-4AC2-A20F-5B4931985A1D}.Debug|ARM.Deploy.0 = Debug|Any CPU
		{1CB1C6DF-EC6C-4AC2-A20F-5B4931985A1D}.Debug|iPhone.ActiveCfg = Debug|Any CPU
		{1CB1C6DF-EC6C-4AC2-A20F-5B4931985A1D}.Debug|iPhone.Build.0 = Debug|Any CPU
		{1CB1C6DF-EC6C-4AC2-A20F-5B4931985A1D}.Debug|iPhone.Deploy.0 = Debug|Any CPU
		{1CB1C6DF-EC6C-4AC2-A20F-5B4931985A1D}.Debug|iPhoneSimulator.ActiveCfg = Debug|Any CPU
		{1CB1C6DF-EC6C-4AC2-A20F-5B4931985A1D}.Debug|iPhoneSimulator.Build.0 = Debug|Any CPU
		{1CB1C6DF-EC6C-4AC2-A20F-5B4931985A1D}.Debug|iPhoneSimulator.Deploy.0 = Debug|Any CPU
		{1CB1C6DF-EC6C-4AC2-A20F-5B4931985A1D}.Debug|x64.ActiveCfg = Debug|Any CPU
		{1CB1C6DF-EC6C-4AC2-A20F-5B4931985A1D}.Debug|x64.Build.0 = Debug|Any CPU
		{1CB1C6DF-EC6C-4AC2-A20F-5B4931985A1D}.Debug|x64.Deploy.0 = Debug|Any CPU
		{1CB1C6DF-EC6C-4AC2-A20F-5B4931985A1D}.Debug|x86.ActiveCfg = Debug|Any CPU
		{1CB1C6DF-EC6C-4AC2-A20F-5B4931985A1D}.Debug|x86.Build.0 = Debug|Any CPU
		{1CB1C6DF-EC6C-4AC2-A20F-5B4931985A1D}.Debug|x86.Deploy.0 = Debug|Any CPU
		{1CB1C6DF-EC6C-4AC2-A20F-5B4931985A1D}.Release|Any CPU.ActiveCfg = Release|Any CPU
		{1CB1C6DF-EC6C-4AC2-A20F-5B4931985A1D}.Release|Any CPU.Build.0 = Release|Any CPU
		{1CB1C6DF-EC6C-4AC2-A20F-5B4931985A1D}.Release|Any CPU.Deploy.0 = Release|Any CPU
		{1CB1C6DF-EC6C-4AC2-A20F-5B4931985A1D}.Release|ARM.ActiveCfg = Release|Any CPU
		{1CB1C6DF-EC6C-4AC2-A20F-5B4931985A1D}.Release|ARM.Build.0 = Release|Any CPU
		{1CB1C6DF-EC6C-4AC2-A20F-5B4931985A1D}.Release|ARM.Deploy.0 = Release|Any CPU
		{1CB1C6DF-EC6C-4AC2-A20F-5B4931985A1D}.Release|iPhone.ActiveCfg = Release|Any CPU
		{1CB1C6DF-EC6C-4AC2-A20F-5B4931985A1D}.Release|iPhone.Build.0 = Release|Any CPU
		{1CB1C6DF-EC6C-4AC2-A20F-5B4931985A1D}.Release|iPhone.Deploy.0 = Release|Any CPU
		{1CB1C6DF-EC6C-4AC2-A20F-5B4931985A1D}.Release|iPhoneSimulator.ActiveCfg = Release|Any CPU
		{1CB1C6DF-EC6C-4AC2-A20F-5B4931985A1D}.Release|iPhoneSimulator.Build.0 = Release|Any CPU
		{1CB1C6DF-EC6C-4AC2-A20F-5B4931985A1D}.Release|iPhoneSimulator.Deploy.0 = Release|Any CPU
		{1CB1C6DF-EC6C-4AC2-A20F-5B4931985A1D}.Release|x64.ActiveCfg = Release|Any CPU
		{1CB1C6DF-EC6C-4AC2-A20F-5B4931985A1D}.Release|x64.Build.0 = Release|Any CPU
		{1CB1C6DF-EC6C-4AC2-A20F-5B4931985A1D}.Release|x64.Deploy.0 = Release|Any CPU
		{1CB1C6DF-EC6C-4AC2-A20F-5B4931985A1D}.Release|x86.ActiveCfg = Release|Any CPU
		{1CB1C6DF-EC6C-4AC2-A20F-5B4931985A1D}.Release|x86.Build.0 = Release|Any CPU
		{1CB1C6DF-EC6C-4AC2-A20F-5B4931985A1D}.Release|x86.Deploy.0 = Release|Any CPU
	EndGlobalSection
	GlobalSection(SolutionProperties) = preSolution
		HideSolutionNode = FALSE
	EndGlobalSection
	GlobalSection(ExtensibilityGlobals) = postSolution
		SolutionGuid = {30EAE623-BBE2-4D1A-BF90-844F9DBD88FC}
	EndGlobalSection
EndGlobal
